# RepDB v1.0 pinned environment for utils.yaml (exact builds, linux-64).
# Regenerate: conda list --explicit --md5 -p <built-env>
# Install:    conda create --prefix <path> --file utils.linux-64.lock
# This file may be used to create an environment using:
# $ conda create --name <env> --file <this file>
# platform: linux-64
# created-by: conda 26.1.1
@EXPLICIT
https://conda.anaconda.org/bioconda/linux-64/csvtk-0.31.0-h9ee0642_0.tar.bz2#eae09f097c6151cb81de4c79ec52f1cc
https://conda.anaconda.org/bioconda/linux-64/seqkit-2.13.0-he881be0_0.conda#d4e8a7c9d4b694e70552a84f662ea354
https://conda.anaconda.org/bioconda/linux-64/taxonkit-0.20.0-h9ee0642_1.conda#852e72e10b02594fa72db6184c3c1c60
https://conda.anaconda.org/conda-forge/noarch/ca-certificates-2026.2.25-hbd8a1cb_0.conda#4492fd26db29495f0ba23f146cd5638d
https://conda.anaconda.org/conda-forge/linux-64/libgomp-15.2.0-he0feb66_18.conda#239c5e9546c38a1e884d69effcf4c882
https://conda.anaconda.org/conda-forge/linux-64/libzlib-1.3.2-h25fd6f3_2.conda#d87ff7921124eccd67248aa483c23fec
https://conda.anaconda.org/conda-forge/linux-64/_openmp_mutex-4.5-20_gnu.conda#a9f577daf3de00bca7c3c76c0ecbd1de
https://conda.anaconda.org/conda-forge/linux-64/ncbi-datasets-cli-18.23.0-ha770c72_0.conda#0012a2dd8da2af49c12d5401af4d288d
https://conda.anaconda.org/conda-forge/linux-64/zlib-1.3.2-h25fd6f3_2.conda#c2a01a08fc991620a74b32420e97868a
https://conda.anaconda.org/conda-forge/linux-64/libgcc-15.2.0-he0feb66_18.conda#0aa00f03f9e39fb9876085dee11a85d4
https://conda.anaconda.org/conda-forge/linux-64/awk-20250116-hb9d3cd8_0.conda#ca1621cac9bb090358508370a06aed20
https://conda.anaconda.org/conda-forge/linux-64/bzip2-1.0.8-hda65f42_9.conda#d2ffd7602c02f2b316fd921d39876885
https://conda.anaconda.org/conda-forge/linux-64/gzip-1.14-hb9d3cd8_0.conda#84fa0d10c305971e39f516ca8354a9cd
https://conda.anaconda.org/bioconda/linux-64/jq-1.5-0.tar.bz2#f380e0813e0752164752d9a9c63667d7
https://conda.anaconda.org/conda-forge/linux-64/libgcc-ng-15.2.0-h69a702a_18.conda#d5e96b1ed75ca01906b3d2469b4ce493
https://conda.anaconda.org/conda-forge/linux-64/libiconv-1.18-h3b78370_2.conda#915f5995e94f60e9a4826e0b0920ee88
https://conda.anaconda.org/conda-forge/linux-64/liblzma-5.8.2-hb03c661_0.conda#c7c83eecbb72d88b940c249af56c8b17
https://conda.anaconda.org/conda-forge/linux-64/openssl-3.6.1-h35e630c_1.conda#f61eb8cd60ff9057122a3d338b99c00f
https://conda.anaconda.org/conda-forge/linux-64/unzip-6.0-hb03c661_4.conda#7f58240fa4cd5b42607606333cf8b550
https://conda.anaconda.org/conda-forge/linux-64/libunistring-0.9.10-h7f98852_0.tar.bz2#7245a044b4a1980ed83196176b78b73a
https://conda.anaconda.org/conda-forge/linux-64/libxml2-16-2.15.2-hf2a90c1_0.conda#e44f52764dd288c96c4676a967b7e112
https://conda.anaconda.org/conda-forge/linux-64/pcre2-10.47-haa7fec5_0.conda#7a3bff861a6583f1889021facefc08b1
https://conda.anaconda.org/conda-forge/linux-64/tar-1.35-h3b78370_0.conda#8e037804a92c84cb901bdd83a8e5ff46
https://conda.anaconda.org/conda-forge/linux-64/libidn2-2.3.8-hfac485b_1.conda#842a81de672ddcf476337c8bde3cad33
https://conda.anaconda.org/conda-forge/linux-64/libxml2-2.15.2-h031cc0b_0.conda#672c49f67192f0a7c2fa55986219d197
https://conda.anaconda.org/bioconda/linux-64/newick_utils-1.6-hd747bf3_9.tar.bz2#65b4d5ca6a2d7c4e8f36a09e9645d8d3
https://conda.anaconda.org/conda-forge/linux-64/wget-1.25.0-h653f8fd_1.conda#3b97a15e7345c7f6c51bb57bffad7c93
